
Microsoft Visual Studio Solution File, Format Version 12.00
# Visual Studio 15
VisualStudioVersion = 15.0.28307.572
MinimumVisualStudioVersion = 10.0.40219.1
Project("{FAE04EC0-301F-11D3-BF4B-00C04F79EFBC}") = "HydrosApi", "HydrosApi\HydrosApi.csproj", "{FF19675A-A690-458E-871E-E0302D03453F}"
EndProject
Project("{FAE04EC0-301F-11D3-BF4B-00C04F79EFBC}") = "HydrosApi.Tests", "HydrosApi.Tests\HydrosApi.Tests.csproj", "{76A61E32-7D10-40D1-B49D-A1582F889B34}"
EndProject
Global
	GlobalSection(SolutionConfigurationPlatforms) = preSolution
		Debug|Any CPU = Debug|Any CPU
		Release|Any CPU = Release|Any CPU
	EndGlobalSection
	GlobalSection(ProjectConfigurationPlatforms) = postSolution
		{FF19675A-A690-458E-871E-E0302D03453F}.Debug|Any CPU.ActiveCfg = Debug|Any CPU
		{FF19675A-A690-458E-871E-E0302D03453F}.Debug|Any CPU.Build.0 = Debug|Any CPU
		{FF19675A-A690-458E-871E-E0302D03453F}.Release|Any CPU.ActiveCfg = Release|Any CPU
		{FF19675A-A690-458E-871E-E0302D03453F}.Release|Any CPU.Build.0 = Release|Any CPU
		{76A61E32-7D10-40D1-B49D-A1582F889B34}.Debug|Any CPU.ActiveCfg = Debug|Any CPU
		{76A61E32-7D10-40D1-B49D-A1582F889B34}.Debug|Any CPU.Build.0 = Debug|Any CPU
		{76A61E32-7D10-40D1-B49D-A1582F889B34}.Release|Any CPU.ActiveCfg = Release|Any CPU
		{76A61E32-7D10-40D1-B49D-A1582F889B34}.Release|Any CPU.Build.0 = Release|Any CPU
	EndGlobalSection
	GlobalSection(SolutionProperties) = preSolution
		HideSolutionNode = FALSE
	EndGlobalSection
	GlobalSection(ExtensibilityGlobals) = postSolution
		SolutionGuid = {3A811738-D84A-4D12-BE1B-AC6DFA16C6EA}
	EndGlobalSection
EndGlobal
