
Microsoft Visual Studio Solution File, Format Version 12.00
# Visual Studio Version 16
VisualStudioVersion = 16.0.30204.135
MinimumVisualStudioVersion = 10.0.40219.1
Project("{FAE04EC0-301F-11D3-BF4B-00C04F79EFBC}") = "HydrosApi", "HydrosApi\HydrosApi.csproj", "{FF19675A-A690-458E-871E-E0302D03453F}"
EndProject
Global
	GlobalSection(SolutionConfigurationPlatforms) = preSolution
		Debug|Any CPU = Debug|Any CPU
		Production_CWS|Any CPU = Production_CWS|Any CPU
		Production|Any CPU = Production|Any CPU
		Release|Any CPU = Release|Any CPU
		Test|Any CPU = Test|Any CPU
		Web.CWS.Production.config|Any CPU = Web.CWS.Production.config|Any CPU
	EndGlobalSection
	GlobalSection(ProjectConfigurationPlatforms) = postSolution
		{FF19675A-A690-458E-871E-E0302D03453F}.Debug|Any CPU.ActiveCfg = Debug|Any CPU
		{FF19675A-A690-458E-871E-E0302D03453F}.Debug|Any CPU.Build.0 = Debug|Any CPU
		{FF19675A-A690-458E-871E-E0302D03453F}.Production_CWS|Any CPU.ActiveCfg = Release|Any CPU
		{FF19675A-A690-458E-871E-E0302D03453F}.Production_CWS|Any CPU.Build.0 = Release|Any CPU
		{FF19675A-A690-458E-871E-E0302D03453F}.Production|Any CPU.ActiveCfg = Release|Any CPU
		{FF19675A-A690-458E-871E-E0302D03453F}.Production|Any CPU.Build.0 = Release|Any CPU
		{FF19675A-A690-458E-871E-E0302D03453F}.Release|Any CPU.ActiveCfg = Release|Any CPU
		{FF19675A-A690-458E-871E-E0302D03453F}.Release|Any CPU.Build.0 = Release|Any CPU
		{FF19675A-A690-458E-871E-E0302D03453F}.Test|Any CPU.ActiveCfg = Release|Any CPU
		{FF19675A-A690-458E-871E-E0302D03453F}.Test|Any CPU.Build.0 = Release|Any CPU
		{FF19675A-A690-458E-871E-E0302D03453F}.Web.CWS.Production.config|Any CPU.ActiveCfg = Release|Any CPU
		{FF19675A-A690-458E-871E-E0302D03453F}.Web.CWS.Production.config|Any CPU.Build.0 = Release|Any CPU
	EndGlobalSection
	GlobalSection(SolutionProperties) = preSolution
		HideSolutionNode = FALSE
	EndGlobalSection
	GlobalSection(ExtensibilityGlobals) = postSolution
		SolutionGuid = {3A811738-D84A-4D12-BE1B-AC6DFA16C6EA}
	EndGlobalSection
EndGlobal
